
Microsoft Visual Studio Solution File, Format Version 12.00
# Visual Studio Version 17
VisualStudioVersion = 17.14.37411.7
MinimumVisualStudioVersion = 10.0.40219.1
Project("{2150E333-8FDC-42A3-9474-1A3956D46DE8}") = "API", "API", "{02EA681E-C7D8-13C7-8484-4AC65E1B71E8}"
EndProject
Project("{2150E333-8FDC-42A3-9474-1A3956D46DE8}") = "CORE", "CORE", "{A56D31D9-867A-4915-85C3-9018FA50C2BB}"
EndProject
Project("{2150E333-8FDC-42A3-9474-1A3956D46DE8}") = "INFRASTRUCTURE", "INFRASTRUCTURE", "{9DE839C8-7355-4611-BA45-0E9335C395C6}"
EndProject
Project("{2150E333-8FDC-42A3-9474-1A3956D46DE8}") = "TEST", "TEST", "{AC50BBEA-9389-4B0A-8318-F2967B8C96FD}"
EndProject
Project("{FAE04EC0-301F-11D3-BF4B-00C04F79EFBC}") = "SistemaPedidosD&G.Application", "SistemaPedidosD&G.Application\SistemaPedidosD&G.Application.csproj", "{12452F4E-5F4B-4AC3-B7E3-AB3E874F3F0A}"
EndProject
Project("{FAE04EC0-301F-11D3-BF4B-00C04F79EFBC}") = "SistemaPedidosD&G.Domain", "SistemaPedidosD&G.Domain\SistemaPedidosD&G.Domain.csproj", "{E647A421-06FA-4716-B8EC-575C96B0B717}"
EndProject
Project("{FAE04EC0-301F-11D3-BF4B-00C04F79EFBC}") = "SistemaPedidosD&G.Tests", "SistemaPedidosD&G.Tests\SistemaPedidosD&G.Tests.csproj", "{A0DCB96D-5A3C-4E8C-8E38-55015B44DE4E}"
EndProject
Project("{FAE04EC0-301F-11D3-BF4B-00C04F79EFBC}") = "SistemaPedidosD_G.Api", "SistemaPedidosD&G.Api\SistemaPedidosD_G.Api.csproj", "{05791DD1-D665-4D28-97B4-AC947DB52D26}"
EndProject
Project("{FAE04EC0-301F-11D3-BF4B-00C04F79EFBC}") = "SistemaPedidosD&G.Infrastructure", "SistemaPedidosD&G.Infrastructure\SistemaPedidosD&G.Infrastructure.csproj", "{D61362A1-9689-40D4-8A34-D67A26B4E761}"
EndProject
Global
	GlobalSection(SolutionConfigurationPlatforms) = preSolution
		Debug|Any CPU = Debug|Any CPU
		Debug|x64 = Debug|x64
		Debug|x86 = Debug|x86
		Release|Any CPU = Release|Any CPU
		Release|x64 = Release|x64
		Release|x86 = Release|x86
	EndGlobalSection
	GlobalSection(ProjectConfigurationPlatforms) = postSolution
		{12452F4E-5F4B-4AC3-B7E3-AB3E874F3F0A}.Debug|Any CPU.ActiveCfg = Debug|Any CPU
		{12452F4E-5F4B-4AC3-B7E3-AB3E874F3F0A}.Debug|Any CPU.Build.0 = Debug|Any CPU
		{12452F4E-5F4B-4AC3-B7E3-AB3E874F3F0A}.Debug|x64.ActiveCfg = Debug|Any CPU
		{12452F4E-5F4B-4AC3-B7E3-AB3E874F3F0A}.Debug|x64.Build.0 = Debug|Any CPU
		{12452F4E-5F4B-4AC3-B7E3-AB3E874F3F0A}.Debug|x86.ActiveCfg = Debug|Any CPU
		{12452F4E-5F4B-4AC3-B7E3-AB3E874F3F0A}.Debug|x86.Build.0 = Debug|Any CPU
		{12452F4E-5F4B-4AC3-B7E3-AB3E874F3F0A}.Release|Any CPU.ActiveCfg = Release|Any CPU
		{12452F4E-5F4B-4AC3-B7E3-AB3E874F3F0A}.Release|Any CPU.Build.0 = Release|Any CPU
		{12452F4E-5F4B-4AC3-B7E3-AB3E874F3F0A}.Release|x64.ActiveCfg = Release|Any CPU
		{12452F4E-5F4B-4AC3-B7E3-AB3E874F3F0A}.Release|x64.Build.0 = Release|Any CPU
		{12452F4E-5F4B-4AC3-B7E3-AB3E874F3F0A}.Release|x86.ActiveCfg = Release|Any CPU
		{12452F4E-5F4B-4AC3-B7E3-AB3E874F3F0A}.Release|x86.Build.0 = Release|Any CPU
		{E647A421-06FA-4716-B8EC-575C96B0B717}.Debug|Any CPU.ActiveCfg = Debug|Any CPU
		{E647A421-06FA-4716-B8EC-575C96B0B717}.Debug|Any CPU.Build.0 = Debug|Any CPU
		{E647A421-06FA-4716-B8EC-575C96B0B717}.Debug|x64.ActiveCfg = Debug|Any CPU
		{E647A421-06FA-4716-B8EC-575C96B0B717}.Debug|x64.Build.0 = Debug|Any CPU
		{E647A421-06FA-4716-B8EC-575C96B0B717}.Debug|x86.ActiveCfg = Debug|Any CPU
		{E647A421-06FA-4716-B8EC-575C96B0B717}.Debug|x86.Build.0 = Debug|Any CPU
		{E647A421-06FA-4716-B8EC-575C96B0B717}.Release|Any CPU.ActiveCfg = Release|Any CPU
		{E647A421-06FA-4716-B8EC-575C96B0B717}.Release|Any CPU.Build.0 = Release|Any CPU
		{E647A421-06FA-4716-B8EC-575C96B0B717}.Release|x64.ActiveCfg = Release|Any CPU
		{E647A421-06FA-4716-B8EC-575C96B0B717}.Release|x64.Build.0 = Release|Any CPU
		{E647A421-06FA-4716-B8EC-575C96B0B717}.Release|x86.ActiveCfg = Release|Any CPU
		{E647A421-06FA-4716-B8EC-575C96B0B717}.Release|x86.Build.0 = Release|Any CPU
		{A0DCB96D-5A3C-4E8C-8E38-55015B44DE4E}.Debug|Any CPU.ActiveCfg = Debug|Any CPU
		{A0DCB96D-5A3C-4E8C-8E38-55015B44DE4E}.Debug|Any CPU.Build.0 = Debug|Any CPU
		{A0DCB96D-5A3C-4E8C-8E38-55015B44DE4E}.Debug|x64.ActiveCfg = Debug|Any CPU
		{A0DCB96D-5A3C-4E8C-8E38-55015B44DE4E}.Debug|x64.Build.0 = Debug|Any CPU
		{A0DCB96D-5A3C-4E8C-8E38-55015B44DE4E}.Debug|x86.ActiveCfg = Debug|Any CPU
		{A0DCB96D-5A3C-4E8C-8E38-55015B44DE4E}.Debug|x86.Build.0 = Debug|Any CPU
		{A0DCB96D-5A3C-4E8C-8E38-55015B44DE4E}.Release|Any CPU.ActiveCfg = Release|Any CPU
		{A0DCB96D-5A3C-4E8C-8E38-55015B44DE4E}.Release|Any CPU.Build.0 = Release|Any CPU
		{A0DCB96D-5A3C-4E8C-8E38-55015B44DE4E}.Release|x64.ActiveCfg = Release|Any CPU
		{A0DCB96D-5A3C-4E8C-8E38-55015B44DE4E}.Release|x64.Build.0 = Release|Any CPU
		{A0DCB96D-5A3C-4E8C-8E38-55015B44DE4E}.Release|x86.ActiveCfg = Release|Any CPU
		{A0DCB96D-5A3C-4E8C-8E38-55015B44DE4E}.Release|x86.Build.0 = Release|Any CPU
		{05791DD1-D665-4D28-97B4-AC947DB52D26}.Debug|Any CPU.ActiveCfg = Debug|Any CPU
		{05791DD1-D665-4D28-97B4-AC947DB52D26}.Debug|Any CPU.Build.0 = Debug|Any CPU
		{05791DD1-D665-4D28-97B4-AC947DB52D26}.Debug|x64.ActiveCfg = Debug|Any CPU
		{05791DD1-D665-4D28-97B4-AC947DB52D26}.Debug|x64.Build.0 = Debug|Any CPU
		{05791DD1-D665-4D28-97B4-AC947DB52D26}.Debug|x86.ActiveCfg = Debug|Any CPU
		{05791DD1-D665-4D28-97B4-AC947DB52D26}.Debug|x86.Build.0 = Debug|Any CPU
		{05791DD1-D665-4D28-97B4-AC947DB52D26}.Release|Any CPU.ActiveCfg = Release|Any CPU
		{05791DD1-D665-4D28-97B4-AC947DB52D26}.Release|Any CPU.Build.0 = Release|Any CPU
		{05791DD1-D665-4D28-97B4-AC947DB52D26}.Release|x64.ActiveCfg = Release|Any CPU
		{05791DD1-D665-4D28-97B4-AC947DB52D26}.Release|x64.Build.0 = Release|Any CPU
		{05791DD1-D665-4D28-97B4-AC947DB52D26}.Release|x86.ActiveCfg = Release|Any CPU
		{05791DD1-D665-4D28-97B4-AC947DB52D26}.Release|x86.Build.0 = Release|Any CPU
		{D61362A1-9689-40D4-8A34-D67A26B4E761}.Debug|Any CPU.ActiveCfg = Debug|Any CPU
		{D61362A1-9689-40D4-8A34-D67A26B4E761}.Debug|Any CPU.Build.0 = Debug|Any CPU
		{D61362A1-9689-40D4-8A34-D67A26B4E761}.Debug|x64.ActiveCfg = Debug|Any CPU
		{D61362A1-9689-40D4-8A34-D67A26B4E761}.Debug|x64.Build.0 = Debug|Any CPU
		{D61362A1-9689-40D4-8A34-D67A26B4E761}.Debug|x86.ActiveCfg = Debug|Any CPU
		{D61362A1-9689-40D4-8A34-D67A26B4E761}.Debug|x86.Build.0 = Debug|Any CPU
		{D61362A1-9689-40D4-8A34-D67A26B4E761}.Release|Any CPU.ActiveCfg = Release|Any CPU
		{D61362A1-9689-40D4-8A34-D67A26B4E761}.Release|Any CPU.Build.0 = Release|Any CPU
		{D61362A1-9689-40D4-8A34-D67A26B4E761}.Release|x64.ActiveCfg = Release|Any CPU
		{D61362A1-9689-40D4-8A34-D67A26B4E761}.Release|x64.Build.0 = Release|Any CPU
		{D61362A1-9689-40D4-8A34-D67A26B4E761}.Release|x86.ActiveCfg = Release|Any CPU
		{D61362A1-9689-40D4-8A34-D67A26B4E761}.Release|x86.Build.0 = Release|Any CPU
	EndGlobalSection
	GlobalSection(SolutionProperties) = preSolution
		HideSolutionNode = FALSE
	EndGlobalSection
	GlobalSection(NestedProjects) = preSolution
		{12452F4E-5F4B-4AC3-B7E3-AB3E874F3F0A} = {A56D31D9-867A-4915-85C3-9018FA50C2BB}
		{E647A421-06FA-4716-B8EC-575C96B0B717} = {A56D31D9-867A-4915-85C3-9018FA50C2BB}
		{A0DCB96D-5A3C-4E8C-8E38-55015B44DE4E} = {AC50BBEA-9389-4B0A-8318-F2967B8C96FD}
		{05791DD1-D665-4D28-97B4-AC947DB52D26} = {02EA681E-C7D8-13C7-8484-4AC65E1B71E8}
		{D61362A1-9689-40D4-8A34-D67A26B4E761} = {9DE839C8-7355-4611-BA45-0E9335C395C6}
	EndGlobalSection
	GlobalSection(ExtensibilityGlobals) = postSolution
		SolutionGuid = {FC2FE36A-2F39-49CE-B72F-EA0C9D2210BA}
	EndGlobalSection
EndGlobal
